// !$*UTF8*$!
{
	archiveVersion = 1;
	classes = {
	};
	objectVersion = 46;
	objects = {

/* Begin PBXBuildFile section */
		73BD7C3E14EC8A82006828FE /* libbridge.a in Frameworks */ = {isa = PBXBuildFile; fileRef = 73BD7C3D14EC8A82006828FE /* libbridge.a */; };
		73BD7C4114EC8B9E006828FE /* CFNetwork.framework in Frameworks */ = {isa = PBXBuildFile; fileRef = 73BD7C4014EC8B9E006828FE /* CFNetwork.framework */; };
		73BF7CFB14EEFCAE00ACD928 /* ChatHandler.m in Sources */ = {isa = PBXBuildFile; fileRef = 73BF7CFA14EEFCAE00ACD928 /* ChatHandler.m */; };
		73EC7B8C14D348A200D7CD0D /* UIKit.framework in Frameworks */ = {isa = PBXBuildFile; fileRef = 73EC7B8B14D348A200D7CD0D /* UIKit.framework */; };
		73EC7B8E14D348A200D7CD0D /* Foundation.framework in Frameworks */ = {isa = PBXBuildFile; fileRef = 73EC7B8D14D348A200D7CD0D /* Foundation.framework */; };
		73EC7B9014D348A200D7CD0D /* CoreGraphics.framework in Frameworks */ = {isa = PBXBuildFile; fileRef = 73EC7B8F14D348A200D7CD0D /* CoreGraphics.framework */; };
		73EC7B9614D348A200D7CD0D /* InfoPlist.strings in Resources */ = {isa = PBXBuildFile; fileRef = 73EC7B9414D348A200D7CD0D /* InfoPlist.strings */; };
		73EC7B9814D348A200D7CD0D /* main.m in Sources */ = {isa = PBXBuildFile; fileRef = 73EC7B9714D348A200D7CD0D /* main.m */; };
		73EC7B9C14D348A200D7CD0D /* objcsampleAppDelegate.m in Sources */ = {isa = PBXBuildFile; fileRef = 73EC7B9B14D348A200D7CD0D /* objcsampleAppDelegate.m */; };
		73EC7B9F14D348A200D7CD0D /* MainWindow.xib in Resources */ = {isa = PBXBuildFile; fileRef = 73EC7B9D14D348A200D7CD0D /* MainWindow.xib */; };
		73EC7BA214D348A200D7CD0D /* objcsampleViewController.m in Sources */ = {isa = PBXBuildFile; fileRef = 73EC7BA114D348A200D7CD0D /* objcsampleViewController.m */; };
		73EC7BA514D348A200D7CD0D /* objcsampleViewController.xib in Resources */ = {isa = PBXBuildFile; fileRef = 73EC7BA314D348A200D7CD0D /* objcsampleViewController.xib */; };
		73EC7BAD14D348A200D7CD0D /* SenTestingKit.framework in Frameworks */ = {isa = PBXBuildFile; fileRef = 73EC7BAC14D348A200D7CD0D /* SenTestingKit.framework */; };
		73EC7BAE14D348A200D7CD0D /* UIKit.framework in Frameworks */ = {isa = PBXBuildFile; fileRef = 73EC7B8B14D348A200D7CD0D /* UIKit.framework */; };
		73EC7BAF14D348A200D7CD0D /* Foundation.framework in Frameworks */ = {isa = PBXBuildFile; fileRef = 73EC7B8D14D348A200D7CD0D /* Foundation.framework */; };
		73EC7BB014D348A200D7CD0D /* CoreGraphics.framework in Frameworks */ = {isa = PBXBuildFile; fileRef = 73EC7B8F14D348A200D7CD0D /* CoreGraphics.framework */; };
		73EC7BB814D348A200D7CD0D /* InfoPlist.strings in Resources */ = {isa = PBXBuildFile; fileRef = 73EC7BB614D348A200D7CD0D /* InfoPlist.strings */; };
		73EC7BBA14D348A200D7CD0D /* objcsampleTests.h in Resources */ = {isa = PBXBuildFile; fileRef = 73EC7BB914D348A200D7CD0D /* objcsampleTests.h */; };
		73EC7BBC14D348A200D7CD0D /* objcsampleTests.m in Sources */ = {isa = PBXBuildFile; fileRef = 73EC7BBB14D348A200D7CD0D /* objcsampleTests.m */; };
/* End PBXBuildFile section */

/* Begin PBXContainerItemProxy section */
		73EC7BB114D348A200D7CD0D /* PBXContainerItemProxy */ = {
			isa = PBXContainerItemProxy;
			containerPortal = 73EC7B7E14D348A200D7CD0D /* Project object */;
			proxyType = 1;
			remoteGlobalIDString = 73EC7B8614D348A200D7CD0D;
			remoteInfo = objcsample;
		};
/* End PBXContainerItemProxy section */

/* Begin PBXFileReference section */
		73BD7C3D14EC8A82006828FE /* libbridge.a */ = {isa = PBXFileReference; lastKnownFileType = archive.ar; name = libbridge.a; path = "../bridge/build/Release-iphoneos/libbridge.a"; sourceTree = "<group>"; };
		73BD7C4014EC8B9E006828FE /* CFNetwork.framework */ = {isa = PBXFileReference; lastKnownFileType = wrapper.framework; name = CFNetwork.framework; path = System/Library/Frameworks/CFNetwork.framework; sourceTree = SDKROOT; };
		73BF7CF914EEFCAE00ACD928 /* ChatHandler.h */ = {isa = PBXFileReference; fileEncoding = 4; lastKnownFileType = sourcecode.c.h; path = ChatHandler.h; sourceTree = "<group>"; };
		73BF7CFA14EEFCAE00ACD928 /* ChatHandler.m */ = {isa = PBXFileReference; fileEncoding = 4; lastKnownFileType = sourcecode.c.objc; path = ChatHandler.m; sourceTree = "<group>"; };
		73EC7B8714D348A200D7CD0D /* objcsample.app */ = {isa = PBXFileReference; explicitFileType = wrapper.application; includeInIndex = 0; path = objcsample.app; sourceTree = BUILT_PRODUCTS_DIR; };
		73EC7B8B14D348A200D7CD0D /* UIKit.framework */ = {isa = PBXFileReference; lastKnownFileType = wrapper.framework; name = UIKit.framework; path = System/Library/Frameworks/UIKit.framework; sourceTree = SDKROOT; };
		73EC7B8D14D348A200D7CD0D /* Foundation.framework */ = {isa = PBXFileReference; lastKnownFileType = wrapper.framework; name = Foundation.framework; path = System/Library/Frameworks/Foundation.framework; sourceTree = SDKROOT; };
		73EC7B8F14D348A200D7CD0D /* CoreGraphics.framework */ = {isa = PBXFileReference; lastKnownFileType = wrapper.framework; name = CoreGraphics.framework; path = System/Library/Frameworks/CoreGraphics.framework; sourceTree = SDKROOT; };
		73EC7B9314D348A200D7CD0D /* objcsample-Info.plist */ = {isa = PBXFileReference; lastKnownFileType = text.plist.xml; path = "objcsample-Info.plist"; sourceTree = "<group>"; };
		73EC7B9514D348A200D7CD0D /* en */ = {isa = PBXFileReference; lastKnownFileType = text.plist.strings; name = en; path = en.lproj/InfoPlist.strings; sourceTree = "<group>"; };
		73EC7B9714D348A200D7CD0D /* main.m */ = {isa = PBXFileReference; lastKnownFileType = sourcecode.c.objc; path = main.m; sourceTree = "<group>"; };
		73EC7B9914D348A200D7CD0D /* objcsample-Prefix.pch */ = {isa = PBXFileReference; lastKnownFileType = sourcecode.c.h; path = "objcsample-Prefix.pch"; sourceTree = "<group>"; };
		73EC7B9A14D348A200D7CD0D /* objcsampleAppDelegate.h */ = {isa = PBXFileReference; lastKnownFileType = sourcecode.c.h; path = objcsampleAppDelegate.h; sourceTree = "<group>"; };
		73EC7B9B14D348A200D7CD0D /* objcsampleAppDelegate.m */ = {isa = PBXFileReference; lastKnownFileType = sourcecode.c.objc; path = objcsampleAppDelegate.m; sourceTree = "<group>"; };
		73EC7B9E14D348A200D7CD0D /* en */ = {isa = PBXFileReference; lastKnownFileType = file.xib; name = en; path = en.lproj/MainWindow.xib; sourceTree = "<group>"; };
		73EC7BA014D348A200D7CD0D /* objcsampleViewController.h */ = {isa = PBXFileReference; lastKnownFileType = sourcecode.c.h; path = objcsampleViewController.h; sourceTree = "<group>"; };
		73EC7BA114D348A200D7CD0D /* objcsampleViewController.m */ = {isa = PBXFileReference; lastKnownFileType = sourcecode.c.objc; path = objcsampleViewController.m; sourceTree = "<group>"; };
		73EC7BA414D348A200D7CD0D /* en */ = {isa = PBXFileReference; lastKnownFileType = file.xib; name = en; path = en.lproj/objcsampleViewController.xib; sourceTree = "<group>"; };
		73EC7BAB14D348A200D7CD0D /* objcsampleTests.octest */ = {isa = PBXFileReference; explicitFileType = wrapper.cfbundle; includeInIndex = 0; path = objcsampleTests.octest; sourceTree = BUILT_PRODUCTS_DIR; };
		73EC7BAC14D348A200D7CD0D /* SenTestingKit.framework */ = {isa = PBXFileReference; lastKnownFileType = wrapper.framework; name = SenTestingKit.framework; path = Library/Frameworks/SenTestingKit.framework; sourceTree = DEVELOPER_DIR; };
		73EC7BB514D348A200D7CD0D /* objcsampleTests-Info.plist */ = {isa = PBXFileReference; lastKnownFileType = text.plist.xml; path = "objcsampleTests-Info.plist"; sourceTree = "<group>"; };
		73EC7BB714D348A200D7CD0D /* en */ = {isa = PBXFileReference; lastKnownFileType = text.plist.strings; name = en; path = en.lproj/InfoPlist.strings; sourceTree = "<group>"; };
		73EC7BB914D348A200D7CD0D /* objcsampleTests.h */ = {isa = PBXFileReference; lastKnownFileType = sourcecode.c.h; path = objcsampleTests.h; sourceTree = "<group>"; };
		73EC7BBB14D348A200D7CD0D /* objcsampleTests.m */ = {isa = PBXFileReference; lastKnownFileType = sourcecode.c.objc; path = objcsampleTests.m; sourceTree = "<group>"; };
/* End PBXFileReference section */

/* Begin PBXFrameworksBuildPhase section */
		73EC7B8414D348A200D7CD0D /* Frameworks */ = {
			isa = PBXFrameworksBuildPhase;
			buildActionMask = 2147483647;
			files = (
				73BD7C4114EC8B9E006828FE /* CFNetwork.framework in Frameworks */,
				73BD7C3E14EC8A82006828FE /* libbridge.a in Frameworks */,
				73EC7B8C14D348A200D7CD0D /* UIKit.framework in Frameworks */,
				73EC7B8E14D348A200D7CD0D /* Foundation.framework in Frameworks */,
				73EC7B9014D348A200D7CD0D /* CoreGraphics.framework in Frameworks */,
			);
			runOnlyForDeploymentPostprocessing = 0;
		};
		73EC7BA714D348A200D7CD0D /* Frameworks */ = {
			isa = PBXFrameworksBuildPhase;
			buildActionMask = 2147483647;
			files = (
				73EC7BAD14D348A200D7CD0D /* SenTestingKit.framework in Frameworks */,
				73EC7BAE14D348A200D7CD0D /* UIKit.framework in Frameworks */,
				73EC7BAF14D348A200D7CD0D /* Foundation.framework in Frameworks */,
				73EC7BB014D348A200D7CD0D /* CoreGraphics.framework in Frameworks */,
			);
			runOnlyForDeploymentPostprocessing = 0;
		};
/* End PBXFrameworksBuildPhase section */

/* Begin PBXGroup section */
		73EC7B7C14D348A200D7CD0D = {
			isa = PBXGroup;
			children = (
				73BD7C4014EC8B9E006828FE /* CFNetwork.framework */,
				73BD7C3D14EC8A82006828FE /* libbridge.a */,
				73EC7B9114D348A200D7CD0D /* objcsample */,
				73EC7BB314D348A200D7CD0D /* objcsampleTests */,
				73EC7B8A14D348A200D7CD0D /* Frameworks */,
				73EC7B8814D348A200D7CD0D /* Products */,
			);
			sourceTree = "<group>";
		};
		73EC7B8814D348A200D7CD0D /* Products */ = {
			isa = PBXGroup;
			children = (
				73EC7B8714D348A200D7CD0D /* objcsample.app */,
				73EC7BAB14D348A200D7CD0D /* objcsampleTests.octest */,
			);
			name = Products;
			sourceTree = "<group>";
		};
		73EC7B8A14D348A200D7CD0D /* Frameworks */ = {
			isa = PBXGroup;
			children = (
				73EC7B8B14D348A200D7CD0D /* UIKit.framework */,
				73EC7B8D14D348A200D7CD0D /* Foundation.framework */,
				73EC7B8F14D348A200D7CD0D /* CoreGraphics.framework */,
				73EC7BAC14D348A200D7CD0D /* SenTestingKit.framework */,
			);
			name = Frameworks;
			sourceTree = "<group>";
		};
		73EC7B9114D348A200D7CD0D /* objcsample */ = {
			isa = PBXGroup;
			children = (
				73EC7B9A14D348A200D7CD0D /* objcsampleAppDelegate.h */,
				73EC7B9B14D348A200D7CD0D /* objcsampleAppDelegate.m */,
				73BF7CF914EEFCAE00ACD928 /* ChatHandler.h */,
				73BF7CFA14EEFCAE00ACD928 /* ChatHandler.m */,
				73EC7B9D14D348A200D7CD0D /* MainWindow.xib */,
				73EC7BA014D348A200D7CD0D /* objcsampleViewController.h */,
				73EC7BA114D348A200D7CD0D /* objcsampleViewController.m */,
				73EC7BA314D348A200D7CD0D /* objcsampleViewController.xib */,
				73EC7B9214D348A200D7CD0D /* Supporting Files */,
			);
			path = objcsample;
			sourceTree = "<group>";
		};
		73EC7B9214D348A200D7CD0D /* Supporting Files */ = {
			isa = PBXGroup;
			children = (
				73EC7B9314D348A200D7CD0D /* objcsample-Info.plist */,
				73EC7B9414D348A200D7CD0D /* InfoPlist.strings */,
				73EC7B9714D348A200D7CD0D /* main.m */,
				73EC7B9914D348A200D7CD0D /* objcsample-Prefix.pch */,
			);
			name = "Supporting Files";
			sourceTree = "<group>";
		};
		73EC7BB314D348A200D7CD0D /* objcsampleTests */ = {
			isa = PBXGroup;
			children = (
				73EC7BB914D348A200D7CD0D /* objcsampleTests.h */,
				73EC7BBB14D348A200D7CD0D /* objcsampleTests.m */,
				73EC7BB414D348A200D7CD0D /* Supporting Files */,
			);
			path = objcsampleTests;
			sourceTree = "<group>";
		};
		73EC7BB414D348A200D7CD0D /* Supporting Files */ = {
			isa = PBXGroup;
			children = (
				73EC7BB514D348A200D7CD0D /* objcsampleTests-Info.plist */,
				73EC7BB614D348A200D7CD0D /* InfoPlist.strings */,
			);
			name = "Supporting Files";
			sourceTree = "<group>";
		};
/* End PBXGroup section */

/* Begin PBXNativeTarget section */
		73EC7B8614D348A200D7CD0D /* objcsample */ = {
			isa = PBXNativeTarget;
			buildConfigurationList = 73EC7BBF14D348A200D7CD0D /* Build configuration list for PBXNativeTarget "objcsample" */;
			buildPhases = (
				73EC7B8314D348A200D7CD0D /* Sources */,
				73EC7B8414D348A200D7CD0D /* Frameworks */,
				73EC7B8514D348A200D7CD0D /* Resources */,
			);
			buildRules = (
			);
			dependencies = (
			);
			name = objcsample;
			productName = objcsample;
			productReference = 73EC7B8714D348A200D7CD0D /* objcsample.app */;
			productType = "com.apple.product-type.application";
		};
		73EC7BAA14D348A200D7CD0D /* objcsampleTests */ = {
			isa = PBXNativeTarget;
			buildConfigurationList = 73EC7BC214D348A200D7CD0D /* Build configuration list for PBXNativeTarget "objcsampleTests" */;
			buildPhases = (
				73EC7BA614D348A200D7CD0D /* Sources */,
				73EC7BA714D348A200D7CD0D /* Frameworks */,
				73EC7BA814D348A200D7CD0D /* Resources */,
				73EC7BA914D348A200D7CD0D /* ShellScript */,
			);
			buildRules = (
			);
			dependencies = (
				73EC7BB214D348A200D7CD0D /* PBXTargetDependency */,
			);
			name = objcsampleTests;
			productName = objcsampleTests;
			productReference = 73EC7BAB14D348A200D7CD0D /* objcsampleTests.octest */;
			productType = "com.apple.product-type.bundle";
		};
/* End PBXNativeTarget section */

/* Begin PBXProject section */
		73EC7B7E14D348A200D7CD0D /* Project object */ = {
			isa = PBXProject;
			buildConfigurationList = 73EC7B8114D348A200D7CD0D /* Build configuration list for PBXProject "objcsample" */;
			compatibilityVersion = "Xcode 3.2";
			developmentRegion = English;
			hasScannedForEncodings = 0;
			knownRegions = (
				en,
			);
			mainGroup = 73EC7B7C14D348A200D7CD0D;
			productRefGroup = 73EC7B8814D348A200D7CD0D /* Products */;
			projectDirPath = "";
			projectRoot = "";
			targets = (
				73EC7B8614D348A200D7CD0D /* objcsample */,
				73EC7BAA14D348A200D7CD0D /* objcsampleTests */,
			);
		};
/* End PBXProject section */

/* Begin PBXResourcesBuildPhase section */
		73EC7B8514D348A200D7CD0D /* Resources */ = {
			isa = PBXResourcesBuildPhase;
			buildActionMask = 2147483647;
			files = (
				73EC7B9614D348A200D7CD0D /* InfoPlist.strings in Resources */,
				73EC7B9F14D348A200D7CD0D /* MainWindow.xib in Resources */,
				73EC7BA514D348A200D7CD0D /* objcsampleViewController.xib in Resources */,
			);
			runOnlyForDeploymentPostprocessing = 0;
		};
		73EC7BA814D348A200D7CD0D /* Resources */ = {
			isa = PBXResourcesBuildPhase;
			buildActionMask = 2147483647;
			files = (
				73EC7BB814D348A200D7CD0D /* InfoPlist.strings in Resources */,
				73EC7BBA14D348A200D7CD0D /* objcsampleTests.h in Resources */,
			);
			runOnlyForDeploymentPostprocessing = 0;
		};
/* End PBXResourcesBuildPhase section */

/* Begin PBXShellScriptBuildPhase section */
		73EC7BA914D348A200D7CD0D /* ShellScript */ = {
			isa = PBXShellScriptBuildPhase;
			buildActionMask = 2147483647;
			files = (
			);
			inputPaths = (
			);
			outputPaths = (
			);
			runOnlyForDeploymentPostprocessing = 0;
			shellPath = /bin/sh;
			shellScript = "# Run the unit tests in this test bundle.\n\"${SYSTEM_DEVELOPER_DIR}/Tools/RunUnitTests\"\n";
		};
/* End PBXShellScriptBuildPhase section */

/* Begin PBXSourcesBuildPhase section */
		73EC7B8314D348A200D7CD0D /* Sources */ = {
			isa = PBXSourcesBuildPhase;
			buildActionMask = 2147483647;
			files = (
				73EC7B9814D348A200D7CD0D /* main.m in Sources */,
				73EC7B9C14D348A200D7CD0D /* objcsampleAppDelegate.m in Sources */,
				73EC7BA214D348A200D7CD0D /* objcsampleViewController.m in Sources */,
				73BF7CFB14EEFCAE00ACD928 /* ChatHandler.m in Sources */,
			);
			runOnlyForDeploymentPostprocessing = 0;
		};
		73EC7BA614D348A200D7CD0D /* Sources */ = {
			isa = PBXSourcesBuildPhase;
			buildActionMask = 2147483647;
			files = (
				73EC7BBC14D348A200D7CD0D /* objcsampleTests.m in Sources */,
			);
			runOnlyForDeploymentPostprocessing = 0;
		};
/* End PBXSourcesBuildPhase section */

/* Begin PBXTargetDependency section */
		73EC7BB214D348A200D7CD0D /* PBXTargetDependency */ = {
			isa = PBXTargetDependency;
			target = 73EC7B8614D348A200D7CD0D /* objcsample */;
			targetProxy = 73EC7BB114D348A200D7CD0D /* PBXContainerItemProxy */;
		};
/* End PBXTargetDependency section */

/* Begin PBXVariantGroup section */
		73EC7B9414D348A200D7CD0D /* InfoPlist.strings */ = {
			isa = PBXVariantGroup;
			children = (
				73EC7B9514D348A200D7CD0D /* en */,
			);
			name = InfoPlist.strings;
			sourceTree = "<group>";
		};
		73EC7B9D14D348A200D7CD0D /* MainWindow.xib */ = {
			isa = PBXVariantGroup;
			children = (
				73EC7B9E14D348A200D7CD0D /* en */,
			);
			name = MainWindow.xib;
			sourceTree = "<group>";
		};
		73EC7BA314D348A200D7CD0D /* objcsampleViewController.xib */ = {
			isa = PBXVariantGroup;
			children = (
				73EC7BA414D348A200D7CD0D /* en */,
			);
			name = objcsampleViewController.xib;
			sourceTree = "<group>";
		};
		73EC7BB614D348A200D7CD0D /* InfoPlist.strings */ = {
			isa = PBXVariantGroup;
			children = (
				73EC7BB714D348A200D7CD0D /* en */,
			);
			name = InfoPlist.strings;
			sourceTree = "<group>";
		};
/* End PBXVariantGroup section */

/* Begin XCBuildConfiguration section */
		73EC7BBD14D348A200D7CD0D /* Debug */ = {
			isa = XCBuildConfiguration;
			buildSettings = {
				ALWAYS_SEARCH_USER_PATHS = NO;
				ARCHS = "$(ARCHS_STANDARD_32_BIT)";
				"CODE_SIGN_IDENTITY[sdk=iphoneos*]" = "iPhone Developer";
				COPY_PHASE_STRIP = NO;
				GCC_C_LANGUAGE_STANDARD = gnu99;
				GCC_DYNAMIC_NO_PIC = NO;
				GCC_OPTIMIZATION_LEVEL = 0;
				GCC_PREPROCESSOR_DEFINITIONS = (
					"DEBUG=1",
					"$(inherited)",
				);
				GCC_SYMBOLS_PRIVATE_EXTERN = NO;
				GCC_VERSION = com.apple.compilers.llvmgcc42;
				GCC_WARN_ABOUT_MISSING_PROTOTYPES = YES;
				GCC_WARN_ABOUT_RETURN_TYPE = YES;
				GCC_WARN_UNUSED_VARIABLE = YES;
				IPHONEOS_DEPLOYMENT_TARGET = 4.3;
				SDKROOT = iphoneos;
			};
			name = Debug;
		};
		73EC7BBE14D348A200D7CD0D /* Release */ = {
			isa = XCBuildConfiguration;
			buildSettings = {
				ALWAYS_SEARCH_USER_PATHS = NO;
				ARCHS = "$(ARCHS_STANDARD_32_BIT)";
				"CODE_SIGN_IDENTITY[sdk=iphoneos*]" = "iPhone Developer";
				COPY_PHASE_STRIP = YES;
				GCC_C_LANGUAGE_STANDARD = gnu99;
				GCC_VERSION = com.apple.compilers.llvmgcc42;
				GCC_WARN_ABOUT_MISSING_PROTOTYPES = YES;
				GCC_WARN_ABOUT_RETURN_TYPE = YES;
				GCC_WARN_UNUSED_VARIABLE = YES;
				IPHONEOS_DEPLOYMENT_TARGET = 4.3;
				OTHER_CFLAGS = "-DNS_BLOCK_ASSERTIONS=1";
				SDKROOT = iphoneos;
				VALIDATE_PRODUCT = YES;
			};
			name = Release;
		};
		73EC7BC014D348A200D7CD0D /* Debug */ = {
			isa = XCBuildConfiguration;
			buildSettings = {
				GCC_PRECOMPILE_PREFIX_HEADER = YES;
				GCC_PREFIX_HEADER = "objcsample/objcsample-Prefix.pch";
				INFOPLIST_FILE = "objcsample/objcsample-Info.plist";
				OTHER_LDFLAGS = "-ObjC";
				PRODUCT_NAME = "$(TARGET_NAME)";
				USER_HEADER_SEARCH_PATHS = "$(BRIDGE_LIB)/**";
				WRAPPER_EXTENSION = app;
			};
			name = Debug;
		};
		73EC7BC114D348A200D7CD0D /* Release */ = {
			isa = XCBuildConfiguration;
			buildSettings = {
				GCC_PRECOMPILE_PREFIX_HEADER = YES;
				GCC_PREFIX_HEADER = "objcsample/objcsample-Prefix.pch";
				INFOPLIST_FILE = "objcsample/objcsample-Info.plist";
				OTHER_LDFLAGS = "-ObjC";
				PRODUCT_NAME = "$(TARGET_NAME)";
				USER_HEADER_SEARCH_PATHS = "$(BRIDGE_LIB)/**";
				WRAPPER_EXTENSION = app;
			};
			name = Release;
		};
		73EC7BC314D348A200D7CD0D /* Debug */ = {
			isa = XCBuildConfiguration;
			buildSettings = {
				BUNDLE_LOADER = "$(BUILT_PRODUCTS_DIR)/objcsample.app/objcsample";
				FRAMEWORK_SEARCH_PATHS = (
					"$(SDKROOT)/Developer/Library/Frameworks",
					"$(DEVELOPER_LIBRARY_DIR)/Frameworks",
				);
				GCC_PRECOMPILE_PREFIX_HEADER = YES;
				GCC_PREFIX_HEADER = "objcsample/objcsample-Prefix.pch";
				INFOPLIST_FILE = "objcsampleTests/objcsampleTests-Info.plist";
				PRODUCT_NAME = "$(TARGET_NAME)";
				TEST_HOST = "$(BUNDLE_LOADER)";
				WRAPPER_EXTENSION = octest;
			};
			name = Debug;
		};
		73EC7BC414D348A200D7CD0D /* Release */ = {
			isa = XCBuildConfiguration;
			buildSettings = {
				BUNDLE_LOADER = "$(BUILT_PRODUCTS_DIR)/objcsample.app/objcsample";
				FRAMEWORK_SEARCH_PATHS = (
					"$(SDKROOT)/Developer/Library/Frameworks",
					"$(DEVELOPER_LIBRARY_DIR)/Frameworks",
				);
				GCC_PRECOMPILE_PREFIX_HEADER = YES;
				GCC_PREFIX_HEADER = "objcsample/objcsample-Prefix.pch";
				INFOPLIST_FILE = "objcsampleTests/objcsampleTests-Info.plist";
				PRODUCT_NAME = "$(TARGET_NAME)";
				TEST_HOST = "$(BUNDLE_LOADER)";
				WRAPPER_EXTENSION = octest;
			};
			name = Release;
		};
/* End XCBuildConfiguration section */

/* Begin XCConfigurationList section */
		73EC7B8114D348A200D7CD0D /* Build configuration list for PBXProject "objcsample" */ = {
			isa = XCConfigurationList;
			buildConfigurations = (
				73EC7BBD14D348A200D7CD0D /* Debug */,
				73EC7BBE14D348A200D7CD0D /* Release */,
			);
			defaultConfigurationIsVisible = 0;
			defaultConfigurationName = Release;
		};
		73EC7BBF14D348A200D7CD0D /* Build configuration list for PBXNativeTarget "objcsample" */ = {
			isa = XCConfigurationList;
			buildConfigurations = (
				73EC7BC014D348A200D7CD0D /* Debug */,
				73EC7BC114D348A200D7CD0D /* Release */,
			);
			defaultConfigurationIsVisible = 0;
			defaultConfigurationName = Release;
		};
		73EC7BC214D348A200D7CD0D /* Build configuration list for PBXNativeTarget "objcsampleTests" */ = {
			isa = XCConfigurationList;
			buildConfigurations = (
				73EC7BC314D348A200D7CD0D /* Debug */,
				73EC7BC414D348A200D7CD0D /* Release */,
			);
			defaultConfigurationIsVisible = 0;
			defaultConfigurationName = Release;
		};
/* End XCConfigurationList section */
	};
	rootObject = 73EC7B7E14D348A200D7CD0D /* Project object */;
}
