// !$*UTF8*$!
{
	archiveVersion = 1;
	classes = {
	};
	objectVersion = 46;
	objects = {

/* Begin PBXBuildFile section */
		73EC795614D3397C00D7CD0D /* Foundation.framework in Frameworks */ = {isa = PBXBuildFile; fileRef = 73EC795514D3397C00D7CD0D /* Foundation.framework */; };
		73EC795C14D3397D00D7CD0D /* bridge.m in Sources */ = {isa = PBXBuildFile; fileRef = 73EC795B14D3397D00D7CD0D /* bridge.m */; };
		73EC796414D3397D00D7CD0D /* SenTestingKit.framework in Frameworks */ = {isa = PBXBuildFile; fileRef = 73EC796314D3397D00D7CD0D /* SenTestingKit.framework */; };
		73EC796614D3397D00D7CD0D /* UIKit.framework in Frameworks */ = {isa = PBXBuildFile; fileRef = 73EC796514D3397D00D7CD0D /* UIKit.framework */; };
		73EC796714D3397D00D7CD0D /* Foundation.framework in Frameworks */ = {isa = PBXBuildFile; fileRef = 73EC795514D3397C00D7CD0D /* Foundation.framework */; };
		73EC796914D3397D00D7CD0D /* CoreGraphics.framework in Frameworks */ = {isa = PBXBuildFile; fileRef = 73EC796814D3397D00D7CD0D /* CoreGraphics.framework */; };
		73EC796C14D3397D00D7CD0D /* libbridge.a in Frameworks */ = {isa = PBXBuildFile; fileRef = 73EC795214D3397C00D7CD0D /* libbridge.a */; };
		73EC797214D3397D00D7CD0D /* InfoPlist.strings in Resources */ = {isa = PBXBuildFile; fileRef = 73EC797014D3397D00D7CD0D /* InfoPlist.strings */; };
		73EC797414D3397D00D7CD0D /* bridgeTests.h in Resources */ = {isa = PBXBuildFile; fileRef = 73EC797314D3397D00D7CD0D /* bridgeTests.h */; };
		73EC797614D3397D00D7CD0D /* bridgeTests.m in Sources */ = {isa = PBXBuildFile; fileRef = 73EC797514D3397D00D7CD0D /* bridgeTests.m */; };
		73EC798114D33BBC00D7CD0D /* JSONKit.h in Headers */ = {isa = PBXBuildFile; fileRef = 73EC797F14D33BBC00D7CD0D /* JSONKit.h */; };
		73EC798214D33BBC00D7CD0D /* JSONKit.m in Sources */ = {isa = PBXBuildFile; fileRef = 73EC798014D33BBC00D7CD0D /* JSONKit.m */; };
		73EC7A9B14D33F3900D7CD0D /* GCDAsyncSocket.h in Headers */ = {isa = PBXBuildFile; fileRef = 73EC798514D33F3800D7CD0D /* GCDAsyncSocket.h */; };
		73EC7A9C14D33F3900D7CD0D /* GCDAsyncSocket.m in Sources */ = {isa = PBXBuildFile; fileRef = 73EC798614D33F3800D7CD0D /* GCDAsyncSocket.m */; };
		73EC7ACD14D33F3900D7CD0D /* AsyncSocket.h in Headers */ = {isa = PBXBuildFile; fileRef = 73EC7A2914D33F3800D7CD0D /* AsyncSocket.h */; };
		73EC7ACE14D33F3900D7CD0D /* AsyncSocket.m in Sources */ = {isa = PBXBuildFile; fileRef = 73EC7A2A14D33F3800D7CD0D /* AsyncSocket.m */; };
		73EC7ACF14D33F3900D7CD0D /* AsyncUdpSocket.h in Headers */ = {isa = PBXBuildFile; fileRef = 73EC7A2B14D33F3800D7CD0D /* AsyncUdpSocket.h */; };
		73EC7AD014D33F3900D7CD0D /* AsyncUdpSocket.m in Sources */ = {isa = PBXBuildFile; fileRef = 73EC7A2C14D33F3800D7CD0D /* AsyncUdpSocket.m */; };
		73EC7AE114D33F3900D7CD0D /* DDAbstractDatabaseLogger.h in Headers */ = {isa = PBXBuildFile; fileRef = 73EC7A5D14D33F3800D7CD0D /* DDAbstractDatabaseLogger.h */; };
		73EC7AE214D33F3900D7CD0D /* DDAbstractDatabaseLogger.m in Sources */ = {isa = PBXBuildFile; fileRef = 73EC7A5E14D33F3800D7CD0D /* DDAbstractDatabaseLogger.m */; };
		73EC7AE314D33F3900D7CD0D /* DDASLLogger.h in Headers */ = {isa = PBXBuildFile; fileRef = 73EC7A5F14D33F3800D7CD0D /* DDASLLogger.h */; };
		73EC7AE414D33F3900D7CD0D /* DDASLLogger.m in Sources */ = {isa = PBXBuildFile; fileRef = 73EC7A6014D33F3800D7CD0D /* DDASLLogger.m */; };
		73EC7AE514D33F3900D7CD0D /* DDFileLogger.h in Headers */ = {isa = PBXBuildFile; fileRef = 73EC7A6114D33F3800D7CD0D /* DDFileLogger.h */; };
		73EC7AE614D33F3900D7CD0D /* DDFileLogger.m in Sources */ = {isa = PBXBuildFile; fileRef = 73EC7A6214D33F3800D7CD0D /* DDFileLogger.m */; };
		73EC7AE714D33F3900D7CD0D /* DDLog.h in Headers */ = {isa = PBXBuildFile; fileRef = 73EC7A6314D33F3800D7CD0D /* DDLog.h */; };
		73EC7AE814D33F3900D7CD0D /* DDLog.m in Sources */ = {isa = PBXBuildFile; fileRef = 73EC7A6414D33F3800D7CD0D /* DDLog.m */; };
		73EC7AE914D33F3900D7CD0D /* DDTTYLogger.h in Headers */ = {isa = PBXBuildFile; fileRef = 73EC7A6514D33F3800D7CD0D /* DDTTYLogger.h */; };
		73EC7AEA14D33F3900D7CD0D /* DDTTYLogger.m in Sources */ = {isa = PBXBuildFile; fileRef = 73EC7A6614D33F3800D7CD0D /* DDTTYLogger.m */; };
		73EC7BC714D3514400D7CD0D /* BridgeJSONCodec.h in Headers */ = {isa = PBXBuildFile; fileRef = 73EC7BC514D3514300D7CD0D /* BridgeJSONCodec.h */; };
		73EC7BC814D3514400D7CD0D /* BridgeJSONCodec.m in Sources */ = {isa = PBXBuildFile; fileRef = 73EC7BC614D3514300D7CD0D /* BridgeJSONCodec.m */; };
		73EC7BCE14D3758300D7CD0D /* BridgeReference.h in Headers */ = {isa = PBXBuildFile; fileRef = 73EC7BCC14D3758300D7CD0D /* BridgeReference.h */; };
		73EC7BCF14D3758300D7CD0D /* BridgeReference.m in Sources */ = {isa = PBXBuildFile; fileRef = 73EC7BCD14D3758300D7CD0D /* BridgeReference.m */; };
/* End PBXBuildFile section */

/* Begin PBXContainerItemProxy section */
		73EC796A14D3397D00D7CD0D /* PBXContainerItemProxy */ = {
			isa = PBXContainerItemProxy;
			containerPortal = 73EC794914D3397C00D7CD0D /* Project object */;
			proxyType = 1;
			remoteGlobalIDString = 73EC795114D3397C00D7CD0D;
			remoteInfo = bridge;
		};
/* End PBXContainerItemProxy section */

/* Begin PBXFileReference section */
		73EC795214D3397C00D7CD0D /* libbridge.a */ = {isa = PBXFileReference; explicitFileType = archive.ar; includeInIndex = 0; path = libbridge.a; sourceTree = BUILT_PRODUCTS_DIR; };
		73EC795514D3397C00D7CD0D /* Foundation.framework */ = {isa = PBXFileReference; lastKnownFileType = wrapper.framework; name = Foundation.framework; path = System/Library/Frameworks/Foundation.framework; sourceTree = SDKROOT; };
		73EC795914D3397C00D7CD0D /* bridge-Prefix.pch */ = {isa = PBXFileReference; lastKnownFileType = sourcecode.c.h; path = "bridge-Prefix.pch"; sourceTree = "<group>"; };
		73EC795A14D3397D00D7CD0D /* bridge.h */ = {isa = PBXFileReference; lastKnownFileType = sourcecode.c.h; path = bridge.h; sourceTree = "<group>"; };
		73EC795B14D3397D00D7CD0D /* bridge.m */ = {isa = PBXFileReference; lastKnownFileType = sourcecode.c.objc; path = bridge.m; sourceTree = "<group>"; };
		73EC796214D3397D00D7CD0D /* bridgeTests.octest */ = {isa = PBXFileReference; explicitFileType = wrapper.cfbundle; includeInIndex = 0; path = bridgeTests.octest; sourceTree = BUILT_PRODUCTS_DIR; };
		73EC796314D3397D00D7CD0D /* SenTestingKit.framework */ = {isa = PBXFileReference; lastKnownFileType = wrapper.framework; name = SenTestingKit.framework; path = Library/Frameworks/SenTestingKit.framework; sourceTree = DEVELOPER_DIR; };
		73EC796514D3397D00D7CD0D /* UIKit.framework */ = {isa = PBXFileReference; lastKnownFileType = wrapper.framework; name = UIKit.framework; path = Library/Frameworks/UIKit.framework; sourceTree = DEVELOPER_DIR; };
		73EC796814D3397D00D7CD0D /* CoreGraphics.framework */ = {isa = PBXFileReference; lastKnownFileType = wrapper.framework; name = CoreGraphics.framework; path = Library/Frameworks/CoreGraphics.framework; sourceTree = DEVELOPER_DIR; };
		73EC796F14D3397D00D7CD0D /* bridgeTests-Info.plist */ = {isa = PBXFileReference; lastKnownFileType = text.plist.xml; path = "bridgeTests-Info.plist"; sourceTree = "<group>"; };
		73EC797114D3397D00D7CD0D /* en */ = {isa = PBXFileReference; lastKnownFileType = text.plist.strings; name = en; path = en.lproj/InfoPlist.strings; sourceTree = "<group>"; };
		73EC797314D3397D00D7CD0D /* bridgeTests.h */ = {isa = PBXFileReference; lastKnownFileType = sourcecode.c.h; path = bridgeTests.h; sourceTree = "<group>"; };
		73EC797514D3397D00D7CD0D /* bridgeTests.m */ = {isa = PBXFileReference; lastKnownFileType = sourcecode.c.objc; path = bridgeTests.m; sourceTree = "<group>"; };
		73EC797F14D33BBC00D7CD0D /* JSONKit.h */ = {isa = PBXFileReference; fileEncoding = 4; lastKnownFileType = sourcecode.c.h; path = JSONKit.h; sourceTree = "<group>"; };
		73EC798014D33BBC00D7CD0D /* JSONKit.m */ = {isa = PBXFileReference; fileEncoding = 4; lastKnownFileType = sourcecode.c.objc; path = JSONKit.m; sourceTree = "<group>"; };
		73EC798414D33F3800D7CD0D /* Documentation.html */ = {isa = PBXFileReference; fileEncoding = 4; lastKnownFileType = text.html; path = Documentation.html; sourceTree = "<group>"; };
		73EC798514D33F3800D7CD0D /* GCDAsyncSocket.h */ = {isa = PBXFileReference; fileEncoding = 4; lastKnownFileType = sourcecode.c.h; path = GCDAsyncSocket.h; sourceTree = "<group>"; };
		73EC798614D33F3800D7CD0D /* GCDAsyncSocket.m */ = {isa = PBXFileReference; fileEncoding = 4; lastKnownFileType = sourcecode.c.objc; path = GCDAsyncSocket.m; sourceTree = "<group>"; };
		73EC7A2914D33F3800D7CD0D /* AsyncSocket.h */ = {isa = PBXFileReference; fileEncoding = 4; lastKnownFileType = sourcecode.c.h; path = AsyncSocket.h; sourceTree = "<group>"; };
		73EC7A2A14D33F3800D7CD0D /* AsyncSocket.m */ = {isa = PBXFileReference; fileEncoding = 4; lastKnownFileType = sourcecode.c.objc; path = AsyncSocket.m; sourceTree = "<group>"; };
		73EC7A2B14D33F3800D7CD0D /* AsyncUdpSocket.h */ = {isa = PBXFileReference; fileEncoding = 4; lastKnownFileType = sourcecode.c.h; path = AsyncUdpSocket.h; sourceTree = "<group>"; };
		73EC7A2C14D33F3800D7CD0D /* AsyncUdpSocket.m */ = {isa = PBXFileReference; fileEncoding = 4; lastKnownFileType = sourcecode.c.objc; path = AsyncUdpSocket.m; sourceTree = "<group>"; };
		73EC7A2D14D33F3800D7CD0D /* Documentation.html */ = {isa = PBXFileReference; fileEncoding = 4; lastKnownFileType = text.html; path = Documentation.html; sourceTree = "<group>"; };
		73EC7A5D14D33F3800D7CD0D /* DDAbstractDatabaseLogger.h */ = {isa = PBXFileReference; fileEncoding = 4; lastKnownFileType = sourcecode.c.h; path = DDAbstractDatabaseLogger.h; sourceTree = "<group>"; };
		73EC7A5E14D33F3800D7CD0D /* DDAbstractDatabaseLogger.m */ = {isa = PBXFileReference; fileEncoding = 4; lastKnownFileType = sourcecode.c.objc; path = DDAbstractDatabaseLogger.m; sourceTree = "<group>"; };
		73EC7A5F14D33F3800D7CD0D /* DDASLLogger.h */ = {isa = PBXFileReference; fileEncoding = 4; lastKnownFileType = sourcecode.c.h; path = DDASLLogger.h; sourceTree = "<group>"; };
		73EC7A6014D33F3800D7CD0D /* DDASLLogger.m */ = {isa = PBXFileReference; fileEncoding = 4; lastKnownFileType = sourcecode.c.objc; path = DDASLLogger.m; sourceTree = "<group>"; };
		73EC7A6114D33F3800D7CD0D /* DDFileLogger.h */ = {isa = PBXFileReference; fileEncoding = 4; lastKnownFileType = sourcecode.c.h; path = DDFileLogger.h; sourceTree = "<group>"; };
		73EC7A6214D33F3800D7CD0D /* DDFileLogger.m */ = {isa = PBXFileReference; fileEncoding = 4; lastKnownFileType = sourcecode.c.objc; path = DDFileLogger.m; sourceTree = "<group>"; };
		73EC7A6314D33F3800D7CD0D /* DDLog.h */ = {isa = PBXFileReference; fileEncoding = 4; lastKnownFileType = sourcecode.c.h; path = DDLog.h; sourceTree = "<group>"; };
		73EC7A6414D33F3800D7CD0D /* DDLog.m */ = {isa = PBXFileReference; fileEncoding = 4; lastKnownFileType = sourcecode.c.objc; path = DDLog.m; sourceTree = "<group>"; };
		73EC7A6514D33F3800D7CD0D /* DDTTYLogger.h */ = {isa = PBXFileReference; fileEncoding = 4; lastKnownFileType = sourcecode.c.h; path = DDTTYLogger.h; sourceTree = "<group>"; };
		73EC7A6614D33F3800D7CD0D /* DDTTYLogger.m */ = {isa = PBXFileReference; fileEncoding = 4; lastKnownFileType = sourcecode.c.objc; path = DDTTYLogger.m; sourceTree = "<group>"; };
		73EC7BC514D3514300D7CD0D /* BridgeJSONCodec.h */ = {isa = PBXFileReference; fileEncoding = 4; lastKnownFileType = sourcecode.c.h; path = BridgeJSONCodec.h; sourceTree = "<group>"; };
		73EC7BC614D3514300D7CD0D /* BridgeJSONCodec.m */ = {isa = PBXFileReference; fileEncoding = 4; lastKnownFileType = sourcecode.c.objc; path = BridgeJSONCodec.m; sourceTree = "<group>"; };
		73EC7BCC14D3758300D7CD0D /* BridgeReference.h */ = {isa = PBXFileReference; fileEncoding = 4; lastKnownFileType = sourcecode.c.h; path = BridgeReference.h; sourceTree = "<group>"; };
		73EC7BCD14D3758300D7CD0D /* BridgeReference.m */ = {isa = PBXFileReference; fileEncoding = 4; lastKnownFileType = sourcecode.c.objc; path = BridgeReference.m; sourceTree = "<group>"; };
/* End PBXFileReference section */

/* Begin PBXFrameworksBuildPhase section */
		73EC794F14D3397C00D7CD0D /* Frameworks */ = {
			isa = PBXFrameworksBuildPhase;
			buildActionMask = 2147483647;
			files = (
				73EC795614D3397C00D7CD0D /* Foundation.framework in Frameworks */,
			);
			runOnlyForDeploymentPostprocessing = 0;
		};
		73EC795E14D3397D00D7CD0D /* Frameworks */ = {
			isa = PBXFrameworksBuildPhase;
			buildActionMask = 2147483647;
			files = (
				73EC796414D3397D00D7CD0D /* SenTestingKit.framework in Frameworks */,
				73EC796614D3397D00D7CD0D /* UIKit.framework in Frameworks */,
				73EC796714D3397D00D7CD0D /* Foundation.framework in Frameworks */,
				73EC796914D3397D00D7CD0D /* CoreGraphics.framework in Frameworks */,
				73EC796C14D3397D00D7CD0D /* libbridge.a in Frameworks */,
			);
			runOnlyForDeploymentPostprocessing = 0;
		};
/* End PBXFrameworksBuildPhase section */

/* Begin PBXGroup section */
		73EC794714D3397C00D7CD0D = {
			isa = PBXGroup;
			children = (
				73EC795714D3397C00D7CD0D /* bridge */,
				73EC796D14D3397D00D7CD0D /* bridgeTests */,
				73EC795414D3397C00D7CD0D /* Frameworks */,
				73EC795314D3397C00D7CD0D /* Products */,
			);
			sourceTree = "<group>";
		};
		73EC795314D3397C00D7CD0D /* Products */ = {
			isa = PBXGroup;
			children = (
				73EC795214D3397C00D7CD0D /* libbridge.a */,
				73EC796214D3397D00D7CD0D /* bridgeTests.octest */,
			);
			name = Products;
			sourceTree = "<group>";
		};
		73EC795414D3397C00D7CD0D /* Frameworks */ = {
			isa = PBXGroup;
			children = (
				73EC795514D3397C00D7CD0D /* Foundation.framework */,
				73EC796314D3397D00D7CD0D /* SenTestingKit.framework */,
				73EC796514D3397D00D7CD0D /* UIKit.framework */,
				73EC796814D3397D00D7CD0D /* CoreGraphics.framework */,
			);
			name = Frameworks;
			sourceTree = "<group>";
		};
		73EC795714D3397C00D7CD0D /* bridge */ = {
			isa = PBXGroup;
			children = (
				73EC795A14D3397D00D7CD0D /* bridge.h */,
				73EC795B14D3397D00D7CD0D /* bridge.m */,
				73EC7BCD14D3758300D7CD0D /* BridgeReference.m */,
				73EC7BCC14D3758300D7CD0D /* BridgeReference.h */,
				73EC7BC514D3514300D7CD0D /* BridgeJSONCodec.h */,
				73EC7BC614D3514300D7CD0D /* BridgeJSONCodec.m */,
				73EC795814D3397C00D7CD0D /* Supporting Files */,
			);
			path = bridge;
			sourceTree = "<group>";
		};
		73EC795814D3397C00D7CD0D /* Supporting Files */ = {
			isa = PBXGroup;
			children = (
				73EC7B1314D33F7300D7CD0D /* CocoaAsyncSocket */,
				73EC7B1214D33F5800D7CD0D /* JSONKit */,
				73EC795914D3397C00D7CD0D /* bridge-Prefix.pch */,
			);
			name = "Supporting Files";
			sourceTree = "<group>";
		};
		73EC796D14D3397D00D7CD0D /* bridgeTests */ = {
			isa = PBXGroup;
			children = (
				73EC797314D3397D00D7CD0D /* bridgeTests.h */,
				73EC797514D3397D00D7CD0D /* bridgeTests.m */,
				73EC796E14D3397D00D7CD0D /* Supporting Files */,
			);
			path = bridgeTests;
			sourceTree = "<group>";
		};
		73EC796E14D3397D00D7CD0D /* Supporting Files */ = {
			isa = PBXGroup;
			children = (
				73EC796F14D3397D00D7CD0D /* bridgeTests-Info.plist */,
				73EC797014D3397D00D7CD0D /* InfoPlist.strings */,
			);
			name = "Supporting Files";
			sourceTree = "<group>";
		};
		73EC798314D33F3800D7CD0D /* GCD */ = {
			isa = PBXGroup;
			children = (
				73EC798414D33F3800D7CD0D /* Documentation.html */,
				73EC798514D33F3800D7CD0D /* GCDAsyncSocket.h */,
				73EC798614D33F3800D7CD0D /* GCDAsyncSocket.m */,
			);
			path = GCD;
			sourceTree = "<group>";
		};
		73EC7A2814D33F3800D7CD0D /* RunLoop */ = {
			isa = PBXGroup;
			children = (
				73EC7A2914D33F3800D7CD0D /* AsyncSocket.h */,
				73EC7A2A14D33F3800D7CD0D /* AsyncSocket.m */,
				73EC7A2B14D33F3800D7CD0D /* AsyncUdpSocket.h */,
				73EC7A2C14D33F3800D7CD0D /* AsyncUdpSocket.m */,
				73EC7A2D14D33F3800D7CD0D /* Documentation.html */,
			);
			path = RunLoop;
			sourceTree = "<group>";
		};
		73EC7A5B14D33F3800D7CD0D /* Vendor */ = {
			isa = PBXGroup;
			children = (
				73EC7A5C14D33F3800D7CD0D /* CocoaLumberjack */,
			);
			path = Vendor;
			sourceTree = "<group>";
		};
		73EC7A5C14D33F3800D7CD0D /* CocoaLumberjack */ = {
			isa = PBXGroup;
			children = (
				73EC7A5D14D33F3800D7CD0D /* DDAbstractDatabaseLogger.h */,
				73EC7A5E14D33F3800D7CD0D /* DDAbstractDatabaseLogger.m */,
				73EC7A5F14D33F3800D7CD0D /* DDASLLogger.h */,
				73EC7A6014D33F3800D7CD0D /* DDASLLogger.m */,
				73EC7A6114D33F3800D7CD0D /* DDFileLogger.h */,
				73EC7A6214D33F3800D7CD0D /* DDFileLogger.m */,
				73EC7A6314D33F3800D7CD0D /* DDLog.h */,
				73EC7A6414D33F3800D7CD0D /* DDLog.m */,
				73EC7A6514D33F3800D7CD0D /* DDTTYLogger.h */,
				73EC7A6614D33F3800D7CD0D /* DDTTYLogger.m */,
			);
			path = CocoaLumberjack;
			sourceTree = "<group>";
		};
		73EC7B1214D33F5800D7CD0D /* JSONKit */ = {
			isa = PBXGroup;
			children = (
				73EC797F14D33BBC00D7CD0D /* JSONKit.h */,
				73EC798014D33BBC00D7CD0D /* JSONKit.m */,
			);
			name = JSONKit;
			sourceTree = "<group>";
		};
		73EC7B1314D33F7300D7CD0D /* CocoaAsyncSocket */ = {
			isa = PBXGroup;
			children = (
				73EC798314D33F3800D7CD0D /* GCD */,
				73EC7A2814D33F3800D7CD0D /* RunLoop */,
				73EC7A5B14D33F3800D7CD0D /* Vendor */,
			);
			name = CocoaAsyncSocket;
			sourceTree = "<group>";
		};
/* End PBXGroup section */

/* Begin PBXHeadersBuildPhase section */
		73EC795014D3397C00D7CD0D /* Headers */ = {
			isa = PBXHeadersBuildPhase;
			buildActionMask = 2147483647;
			files = (
				73EC798114D33BBC00D7CD0D /* JSONKit.h in Headers */,
				73EC7A9B14D33F3900D7CD0D /* GCDAsyncSocket.h in Headers */,
				73EC7ACD14D33F3900D7CD0D /* AsyncSocket.h in Headers */,
				73EC7ACF14D33F3900D7CD0D /* AsyncUdpSocket.h in Headers */,
				73EC7AE114D33F3900D7CD0D /* DDAbstractDatabaseLogger.h in Headers */,
				73EC7AE314D33F3900D7CD0D /* DDASLLogger.h in Headers */,
				73EC7AE514D33F3900D7CD0D /* DDFileLogger.h in Headers */,
				73EC7AE714D33F3900D7CD0D /* DDLog.h in Headers */,
				73EC7AE914D33F3900D7CD0D /* DDTTYLogger.h in Headers */,
				73EC7BC714D3514400D7CD0D /* BridgeJSONCodec.h in Headers */,
				73EC7BCE14D3758300D7CD0D /* BridgeReference.h in Headers */,
			);
			runOnlyForDeploymentPostprocessing = 0;
		};
/* End PBXHeadersBuildPhase section */

/* Begin PBXNativeTarget section */
		73EC795114D3397C00D7CD0D /* bridge */ = {
			isa = PBXNativeTarget;
			buildConfigurationList = 73EC797914D3397D00D7CD0D /* Build configuration list for PBXNativeTarget "bridge" */;
			buildPhases = (
				73EC794E14D3397C00D7CD0D /* Sources */,
				73EC794F14D3397C00D7CD0D /* Frameworks */,
				73EC795014D3397C00D7CD0D /* Headers */,
			);
			buildRules = (
			);
			dependencies = (
			);
			name = bridge;
			productName = bridge;
			productReference = 73EC795214D3397C00D7CD0D /* libbridge.a */;
			productType = "com.apple.product-type.library.static";
		};
		73EC796114D3397D00D7CD0D /* bridgeTests */ = {
			isa = PBXNativeTarget;
			buildConfigurationList = 73EC797C14D3397D00D7CD0D /* Build configuration list for PBXNativeTarget "bridgeTests" */;
			buildPhases = (
				73EC795D14D3397D00D7CD0D /* Sources */,
				73EC795E14D3397D00D7CD0D /* Frameworks */,
				73EC795F14D3397D00D7CD0D /* Resources */,
				73EC796014D3397D00D7CD0D /* ShellScript */,
			);
			buildRules = (
			);
			dependencies = (
				73EC796B14D3397D00D7CD0D /* PBXTargetDependency */,
			);
			name = bridgeTests;
			productName = bridgeTests;
			productReference = 73EC796214D3397D00D7CD0D /* bridgeTests.octest */;
			productType = "com.apple.product-type.bundle";
		};
/* End PBXNativeTarget section */

/* Begin PBXProject section */
		73EC794914D3397C00D7CD0D /* Project object */ = {
			isa = PBXProject;
			buildConfigurationList = 73EC794C14D3397C00D7CD0D /* Build configuration list for PBXProject "bridge" */;
			compatibilityVersion = "Xcode 3.2";
			developmentRegion = English;
			hasScannedForEncodings = 0;
			knownRegions = (
				en,
				English,
			);
			mainGroup = 73EC794714D3397C00D7CD0D;
			productRefGroup = 73EC795314D3397C00D7CD0D /* Products */;
			projectDirPath = "";
			projectRoot = "";
			targets = (
				73EC795114D3397C00D7CD0D /* bridge */,
				73EC796114D3397D00D7CD0D /* bridgeTests */,
			);
		};
/* End PBXProject section */

/* Begin PBXResourcesBuildPhase section */
		73EC795F14D3397D00D7CD0D /* Resources */ = {
			isa = PBXResourcesBuildPhase;
			buildActionMask = 2147483647;
			files = (
				73EC797214D3397D00D7CD0D /* InfoPlist.strings in Resources */,
				73EC797414D3397D00D7CD0D /* bridgeTests.h in Resources */,
			);
			runOnlyForDeploymentPostprocessing = 0;
		};
/* End PBXResourcesBuildPhase section */

/* Begin PBXShellScriptBuildPhase section */
		73EC796014D3397D00D7CD0D /* ShellScript */ = {
			isa = PBXShellScriptBuildPhase;
			buildActionMask = 2147483647;
			files = (
			);
			inputPaths = (
			);
			outputPaths = (
			);
			runOnlyForDeploymentPostprocessing = 0;
			shellPath = /bin/sh;
			shellScript = "# Run the unit tests in this test bundle.\n\"${SYSTEM_DEVELOPER_DIR}/Tools/RunUnitTests\"\n";
		};
/* End PBXShellScriptBuildPhase section */

/* Begin PBXSourcesBuildPhase section */
		73EC794E14D3397C00D7CD0D /* Sources */ = {
			isa = PBXSourcesBuildPhase;
			buildActionMask = 2147483647;
			files = (
				73EC795C14D3397D00D7CD0D /* bridge.m in Sources */,
				73EC798214D33BBC00D7CD0D /* JSONKit.m in Sources */,
				73EC7A9C14D33F3900D7CD0D /* GCDAsyncSocket.m in Sources */,
				73EC7ACE14D33F3900D7CD0D /* AsyncSocket.m in Sources */,
				73EC7AD014D33F3900D7CD0D /* AsyncUdpSocket.m in Sources */,
				73EC7AE214D33F3900D7CD0D /* DDAbstractDatabaseLogger.m in Sources */,
				73EC7AE414D33F3900D7CD0D /* DDASLLogger.m in Sources */,
				73EC7AE614D33F3900D7CD0D /* DDFileLogger.m in Sources */,
				73EC7AE814D33F3900D7CD0D /* DDLog.m in Sources */,
				73EC7AEA14D33F3900D7CD0D /* DDTTYLogger.m in Sources */,
				73EC7BC814D3514400D7CD0D /* BridgeJSONCodec.m in Sources */,
				73EC7BCF14D3758300D7CD0D /* BridgeReference.m in Sources */,
			);
			runOnlyForDeploymentPostprocessing = 0;
		};
		73EC795D14D3397D00D7CD0D /* Sources */ = {
			isa = PBXSourcesBuildPhase;
			buildActionMask = 2147483647;
			files = (
				73EC797614D3397D00D7CD0D /* bridgeTests.m in Sources */,
			);
			runOnlyForDeploymentPostprocessing = 0;
		};
/* End PBXSourcesBuildPhase section */

/* Begin PBXTargetDependency section */
		73EC796B14D3397D00D7CD0D /* PBXTargetDependency */ = {
			isa = PBXTargetDependency;
			target = 73EC795114D3397C00D7CD0D /* bridge */;
			targetProxy = 73EC796A14D3397D00D7CD0D /* PBXContainerItemProxy */;
		};
/* End PBXTargetDependency section */

/* Begin PBXVariantGroup section */
		73EC797014D3397D00D7CD0D /* InfoPlist.strings */ = {
			isa = PBXVariantGroup;
			children = (
				73EC797114D3397D00D7CD0D /* en */,
			);
			name = InfoPlist.strings;
			sourceTree = "<group>";
		};
/* End PBXVariantGroup section */

/* Begin XCBuildConfiguration section */
		73EC797714D3397D00D7CD0D /* Debug */ = {
			isa = XCBuildConfiguration;
			buildSettings = {
				ALWAYS_SEARCH_USER_PATHS = NO;
				ARCHS = "$(ARCHS_STANDARD_32_BIT)";
				COPY_PHASE_STRIP = NO;
				GCC_C_LANGUAGE_STANDARD = gnu99;
				GCC_DYNAMIC_NO_PIC = NO;
				GCC_OPTIMIZATION_LEVEL = 0;
				GCC_PREPROCESSOR_DEFINITIONS = (
					"DEBUG=1",
					"$(inherited)",
				);
				GCC_SYMBOLS_PRIVATE_EXTERN = NO;
				GCC_VERSION = com.apple.compilers.llvmgcc42;
				GCC_WARN_ABOUT_MISSING_PROTOTYPES = YES;
				GCC_WARN_ABOUT_RETURN_TYPE = YES;
				GCC_WARN_UNUSED_VARIABLE = YES;
				IPHONEOS_DEPLOYMENT_TARGET = 4.3;
				SDKROOT = iphoneos;
			};
			name = Debug;
		};
		73EC797814D3397D00D7CD0D /* Release */ = {
			isa = XCBuildConfiguration;
			buildSettings = {
				ALWAYS_SEARCH_USER_PATHS = NO;
				ARCHS = "$(ARCHS_STANDARD_32_BIT)";
				COPY_PHASE_STRIP = YES;
				GCC_C_LANGUAGE_STANDARD = gnu99;
				GCC_VERSION = com.apple.compilers.llvmgcc42;
				GCC_WARN_ABOUT_MISSING_PROTOTYPES = YES;
				GCC_WARN_ABOUT_RETURN_TYPE = YES;
				GCC_WARN_UNUSED_VARIABLE = YES;
				IPHONEOS_DEPLOYMENT_TARGET = 4.3;
				SDKROOT = iphoneos;
				VALIDATE_PRODUCT = YES;
			};
			name = Release;
		};
		73EC797A14D3397D00D7CD0D /* Debug */ = {
			isa = XCBuildConfiguration;
			buildSettings = {
				DSTROOT = /tmp/bridge.dst;
				GCC_PRECOMPILE_PREFIX_HEADER = YES;
				GCC_PREFIX_HEADER = "bridge/bridge-Prefix.pch";
				OTHER_LDFLAGS = "-ObjC";
				PRODUCT_NAME = "$(TARGET_NAME)";
				SKIP_INSTALL = YES;
			};
			name = Debug;
		};
		73EC797B14D3397D00D7CD0D /* Release */ = {
			isa = XCBuildConfiguration;
			buildSettings = {
				DSTROOT = /tmp/bridge.dst;
				GCC_PRECOMPILE_PREFIX_HEADER = YES;
				GCC_PREFIX_HEADER = "bridge/bridge-Prefix.pch";
				OTHER_LDFLAGS = "-ObjC";
				PRODUCT_NAME = "$(TARGET_NAME)";
				SKIP_INSTALL = YES;
			};
			name = Release;
		};
		73EC797D14D3397D00D7CD0D /* Debug */ = {
			isa = XCBuildConfiguration;
			buildSettings = {
				FRAMEWORK_SEARCH_PATHS = (
					"$(SDKROOT)/Developer/Library/Frameworks",
					"$(DEVELOPER_LIBRARY_DIR)/Frameworks",
				);
				GCC_PRECOMPILE_PREFIX_HEADER = YES;
				GCC_PREFIX_HEADER = "bridge/bridge-Prefix.pch";
				INFOPLIST_FILE = "bridgeTests/bridgeTests-Info.plist";
				PRODUCT_NAME = "$(TARGET_NAME)";
				WRAPPER_EXTENSION = octest;
			};
			name = Debug;
		};
		73EC797E14D3397D00D7CD0D /* Release */ = {
			isa = XCBuildConfiguration;
			buildSettings = {
				FRAMEWORK_SEARCH_PATHS = (
					"$(SDKROOT)/Developer/Library/Frameworks",
					"$(DEVELOPER_LIBRARY_DIR)/Frameworks",
				);
				GCC_PRECOMPILE_PREFIX_HEADER = YES;
				GCC_PREFIX_HEADER = "bridge/bridge-Prefix.pch";
				INFOPLIST_FILE = "bridgeTests/bridgeTests-Info.plist";
				PRODUCT_NAME = "$(TARGET_NAME)";
				WRAPPER_EXTENSION = octest;
			};
			name = Release;
		};
/* End XCBuildConfiguration section */

/* Begin XCConfigurationList section */
		73EC794C14D3397C00D7CD0D /* Build configuration list for PBXProject "bridge" */ = {
			isa = XCConfigurationList;
			buildConfigurations = (
				73EC797714D3397D00D7CD0D /* Debug */,
				73EC797814D3397D00D7CD0D /* Release */,
			);
			defaultConfigurationIsVisible = 0;
			defaultConfigurationName = Release;
		};
		73EC797914D3397D00D7CD0D /* Build configuration list for PBXNativeTarget "bridge" */ = {
			isa = XCConfigurationList;
			buildConfigurations = (
				73EC797A14D3397D00D7CD0D /* Debug */,
				73EC797B14D3397D00D7CD0D /* Release */,
			);
			defaultConfigurationIsVisible = 0;
			defaultConfigurationName = Release;
		};
		73EC797C14D3397D00D7CD0D /* Build configuration list for PBXNativeTarget "bridgeTests" */ = {
			isa = XCConfigurationList;
			buildConfigurations = (
				73EC797D14D3397D00D7CD0D /* Debug */,
				73EC797E14D3397D00D7CD0D /* Release */,
			);
			defaultConfigurationIsVisible = 0;
			defaultConfigurationName = Release;
		};
/* End XCConfigurationList section */
	};
	rootObject = 73EC794914D3397C00D7CD0D /* Project object */;
}
